
Microsoft Visual Studio Solution File, Format Version 12.00
# Visual Studio 2013
VisualStudioVersion = 12.0.30501.0
MinimumVisualStudioVersion = 10.0.40219.1
Project("{2150E333-8FDC-42A3-9474-1A3956D46DE8}") = "Solution Items", "Solution Items", "{F2BD1FFE-9DCD-4236-BA40-E370234225BC}"
	ProjectSection(SolutionItems) = preProject
		DataPatterns.vsmdi = DataPatterns.vsmdi
		Local.testsettings = Local.testsettings
		TraceAndTestImpact.testsettings = TraceAndTestImpact.testsettings
	EndProjectSection
EndProject
Project("{FAE04EC0-301F-11D3-BF4B-00C04F79EFBC}") = "DataPatterns.Socle", "DataPatterns.Socle\DataPatterns.Socle.csproj", "{FEB04FE0-1715-403C-853A-3CF8EC815151}"
EndProject
Project("{FAE04EC0-301F-11D3-BF4B-00C04F79EFBC}") = "DataPatterns.Interfaces", "DataPatterns.Interfaces\DataPatterns.Interfaces.csproj", "{5BD3AB99-3775-4B3D-8D2F-9FD3ED558A61}"
EndProject
Project("{FAE04EC0-301F-11D3-BF4B-00C04F79EFBC}") = "DataPatterns.Tests", "DataPatterns.Tests\DataPatterns.Tests.csproj", "{EABD84BE-E594-448C-97E2-83E9A9638430}"
EndProject
Project("{FAE04EC0-301F-11D3-BF4B-00C04F79EFBC}") = "DataPatterns.EntityFramework", "DataPatterns.EntityFramework\DataPatterns.EntityFramework.csproj", "{A1FD2680-73CB-4580-9492-ACED10FA77D0}"
EndProject
Project("{F088123C-0E9E-452A-89E6-6BA2F21D5CAC}") = "Architecture", "Architecture\Architecture.modelproj", "{7840C2F9-0724-4E33-9AD9-635E969A1DA3}"
EndProject
Project("{FAE04EC0-301F-11D3-BF4B-00C04F79EFBC}") = "DataPatterns.EntityFramework.Foo", "DataPatterns.EntityFramework.Foo\DataPatterns.EntityFramework.Foo.csproj", "{706C406F-05BE-4E8F-9A32-A9BC92043B4D}"
EndProject
Project("{FAE04EC0-301F-11D3-BF4B-00C04F79EFBC}") = "DataPatterns.Tests.Foo", "DataPatterns.Tests.Foo\DataPatterns.Tests.Foo.csproj", "{CE68CE8C-F78E-45FE-A43B-009F6E0874DA}"
EndProject
Global
	GlobalSection(SolutionConfigurationPlatforms) = preSolution
		Debug|Any CPU = Debug|Any CPU
		Release|Any CPU = Release|Any CPU
	EndGlobalSection
	GlobalSection(ProjectConfigurationPlatforms) = postSolution
		{FEB04FE0-1715-403C-853A-3CF8EC815151}.Debug|Any CPU.ActiveCfg = Debug|Any CPU
		{FEB04FE0-1715-403C-853A-3CF8EC815151}.Debug|Any CPU.Build.0 = Debug|Any CPU
		{FEB04FE0-1715-403C-853A-3CF8EC815151}.Release|Any CPU.ActiveCfg = Release|Any CPU
		{FEB04FE0-1715-403C-853A-3CF8EC815151}.Release|Any CPU.Build.0 = Release|Any CPU
		{5BD3AB99-3775-4B3D-8D2F-9FD3ED558A61}.Debug|Any CPU.ActiveCfg = Debug|Any CPU
		{5BD3AB99-3775-4B3D-8D2F-9FD3ED558A61}.Debug|Any CPU.Build.0 = Debug|Any CPU
		{5BD3AB99-3775-4B3D-8D2F-9FD3ED558A61}.Release|Any CPU.ActiveCfg = Release|Any CPU
		{5BD3AB99-3775-4B3D-8D2F-9FD3ED558A61}.Release|Any CPU.Build.0 = Release|Any CPU
		{EABD84BE-E594-448C-97E2-83E9A9638430}.Debug|Any CPU.ActiveCfg = Debug|Any CPU
		{EABD84BE-E594-448C-97E2-83E9A9638430}.Debug|Any CPU.Build.0 = Debug|Any CPU
		{EABD84BE-E594-448C-97E2-83E9A9638430}.Release|Any CPU.ActiveCfg = Release|Any CPU
		{EABD84BE-E594-448C-97E2-83E9A9638430}.Release|Any CPU.Build.0 = Release|Any CPU
		{A1FD2680-73CB-4580-9492-ACED10FA77D0}.Debug|Any CPU.ActiveCfg = Debug|Any CPU
		{A1FD2680-73CB-4580-9492-ACED10FA77D0}.Debug|Any CPU.Build.0 = Debug|Any CPU
		{A1FD2680-73CB-4580-9492-ACED10FA77D0}.Release|Any CPU.ActiveCfg = Release|Any CPU
		{A1FD2680-73CB-4580-9492-ACED10FA77D0}.Release|Any CPU.Build.0 = Release|Any CPU
		{7840C2F9-0724-4E33-9AD9-635E969A1DA3}.Debug|Any CPU.ActiveCfg = Debug|Any CPU
		{7840C2F9-0724-4E33-9AD9-635E969A1DA3}.Debug|Any CPU.Build.0 = Debug|Any CPU
		{7840C2F9-0724-4E33-9AD9-635E969A1DA3}.Release|Any CPU.ActiveCfg = Release|Any CPU
		{7840C2F9-0724-4E33-9AD9-635E969A1DA3}.Release|Any CPU.Build.0 = Release|Any CPU
		{706C406F-05BE-4E8F-9A32-A9BC92043B4D}.Debug|Any CPU.ActiveCfg = Debug|Any CPU
		{706C406F-05BE-4E8F-9A32-A9BC92043B4D}.Debug|Any CPU.Build.0 = Debug|Any CPU
		{706C406F-05BE-4E8F-9A32-A9BC92043B4D}.Release|Any CPU.ActiveCfg = Release|Any CPU
		{706C406F-05BE-4E8F-9A32-A9BC92043B4D}.Release|Any CPU.Build.0 = Release|Any CPU
		{CE68CE8C-F78E-45FE-A43B-009F6E0874DA}.Debug|Any CPU.ActiveCfg = Debug|Any CPU
		{CE68CE8C-F78E-45FE-A43B-009F6E0874DA}.Debug|Any CPU.Build.0 = Debug|Any CPU
		{CE68CE8C-F78E-45FE-A43B-009F6E0874DA}.Release|Any CPU.ActiveCfg = Release|Any CPU
		{CE68CE8C-F78E-45FE-A43B-009F6E0874DA}.Release|Any CPU.Build.0 = Release|Any CPU
	EndGlobalSection
	GlobalSection(SolutionProperties) = preSolution
		HideSolutionNode = FALSE
	EndGlobalSection
	GlobalSection(TestCaseManagementSettings) = postSolution
		CategoryFile = DataPatterns.vsmdi
	EndGlobalSection
EndGlobal
